{
  "object": {
    "pins": [
      {
        "package": "async-http-client",
        "repositoryURL": "https://github.com/swift-server/async-http-client.git",
        "state": {
          "branch": null,
          "revision": "70826d038d5bdc3142a386b735792d87ef7a5dfc",
          "version": "1.8.1"
        }
      },
      {
        "package": "smoke-http",
        "repositoryURL": "https://github.com/amzn/smoke-http.git",
        "state": {
          "branch": null,
          "revision": "f4c56e39894e50de9cbb82bbc38e3cdd41812b3e",
          "version": "2.11.0"
        }
      },
      {
        "package": "swift-log",
        "repositoryURL": "https://github.com/apple/swift-log.git",
        "state": {
          "branch": null,
          "revision": "5d66f7ba25daf4f94100e7022febf3c75e37a6c7",
          "version": "1.4.2"
        }
      },
      {
        "package": "swift-metrics",
        "repositoryURL": "https://github.com/apple/swift-metrics.git",
        "state": {
          "branch": null,
          "revision": "3edd2f57afc4e68e23c3e4956bc8b65ca6b5b2ff",
          "version": "2.2.0"
        }
      },
      {
        "package": "swift-nio",
        "repositoryURL": "https://github.com/apple/swift-nio.git",
        "state": {
          "branch": null,
          "revision": "213eb6887e526e0dfac526a2eae559a1893ebbac",
          "version": "2.36.0"
        }
      },
      {
        "package": "swift-nio-extras",
        "repositoryURL": "https://github.com/apple/swift-nio-extras.git",
        "state": {
          "branch": null,
          "revision": "f73ca5ee9c6806800243f1ac415fcf82de9a4c91",
          "version": "1.10.2"
        }
      },
      {
        "package": "swift-nio-http2",
        "repositoryURL": "https://github.com/apple/swift-nio-http2.git",
        "state": {
          "branch": null,
          "revision": "6e94a7be32891d1b303a3fcfde8b5bf64d162e74",
          "version": "1.19.1"
        }
      },
      {
        "package": "swift-nio-ssl",
        "repositoryURL": "https://github.com/apple/swift-nio-ssl.git",
        "state": {
          "branch": null,
          "revision": "2b329e37e9dd34fb382655181a680261d58cbbf1",
          "version": "2.17.1"
        }
      },
      {
        "package": "swift-nio-transport-services",
        "repositoryURL": "https://github.com/apple/swift-nio-transport-services.git",
        "state": {
          "branch": null,
          "revision": "e7f5278a26442dc46783ba7e063643d524e414a0",
          "version": "1.11.3"
        }
      }
    ]
  },
  "version": 1
}
